
Microsoft Visual Studio Solution File, Format Version 12.00
# Visual Studio Version 17
VisualStudioVersion = 17.0.31903.59
MinimumVisualStudioVersion = 10.0.40219.1
Project("{FAE04EC0-301F-11D3-BF4B-00C04F79EFBC}") = "SunamoGetFiles.Tests", "SunamoGetFiles.Tests\\SunamoGetFiles.Tests.csproj", "{AE5F8345-EB70-4F88-9DF8-0A71AFB0E0FA}"
EndProject
Project("{FAE04EC0-301F-11D3-BF4B-00C04F79EFBC}") = "RunnerGetFiles", "RunnerGetFiles\\RunnerGetFiles.csproj", "{8C16C4AC-2FBE-41A5-8EE7-369E45F7AF73}"
EndProject
Project("{FAE04EC0-301F-11D3-BF4B-00C04F79EFBC}") = "SunamoGetFiles", "SunamoGetFiles\SunamoGetFiles.csproj", "{35975DF2-A3B5-4624-9386-B4B85E6A969B}"
EndProject
Global
	GlobalSection(SolutionConfigurationPlatforms) = preSolution
		Debug|Any CPU = Debug|Any CPU
		Debug|x64 = Debug|x64
		Debug|x86 = Debug|x86
		Release|Any CPU = Release|Any CPU
		Release|x64 = Release|x64
		Release|x86 = Release|x86
	EndGlobalSection
	GlobalSection(ProjectConfigurationPlatforms) = postSolution
		{AE5F8345-EB70-4F88-9DF8-0A71AFB0E0FA}.Debug|Any CPU.ActiveCfg = Debug|Any CPU
		{AE5F8345-EB70-4F88-9DF8-0A71AFB0E0FA}.Debug|Any CPU.Build.0 = Debug|Any CPU
		{AE5F8345-EB70-4F88-9DF8-0A71AFB0E0FA}.Debug|x64.ActiveCfg = Debug|Any CPU
		{AE5F8345-EB70-4F88-9DF8-0A71AFB0E0FA}.Debug|x64.Build.0 = Debug|Any CPU
		{AE5F8345-EB70-4F88-9DF8-0A71AFB0E0FA}.Debug|x86.ActiveCfg = Debug|Any CPU
		{AE5F8345-EB70-4F88-9DF8-0A71AFB0E0FA}.Debug|x86.Build.0 = Debug|Any CPU
		{AE5F8345-EB70-4F88-9DF8-0A71AFB0E0FA}.Release|Any CPU.ActiveCfg = Release|Any CPU
		{AE5F8345-EB70-4F88-9DF8-0A71AFB0E0FA}.Release|Any CPU.Build.0 = Release|Any CPU
		{AE5F8345-EB70-4F88-9DF8-0A71AFB0E0FA}.Release|x64.ActiveCfg = Release|Any CPU
		{AE5F8345-EB70-4F88-9DF8-0A71AFB0E0FA}.Release|x64.Build.0 = Release|Any CPU
		{AE5F8345-EB70-4F88-9DF8-0A71AFB0E0FA}.Release|x86.ActiveCfg = Release|Any CPU
		{AE5F8345-EB70-4F88-9DF8-0A71AFB0E0FA}.Release|x86.Build.0 = Release|Any CPU
		{8C16C4AC-2FBE-41A5-8EE7-369E45F7AF73}.Debug|Any CPU.ActiveCfg = Debug|Any CPU
		{8C16C4AC-2FBE-41A5-8EE7-369E45F7AF73}.Debug|Any CPU.Build.0 = Debug|Any CPU
		{8C16C4AC-2FBE-41A5-8EE7-369E45F7AF73}.Debug|x64.ActiveCfg = Debug|Any CPU
		{8C16C4AC-2FBE-41A5-8EE7-369E45F7AF73}.Debug|x64.Build.0 = Debug|Any CPU
		{8C16C4AC-2FBE-41A5-8EE7-369E45F7AF73}.Debug|x86.ActiveCfg = Debug|Any CPU
		{8C16C4AC-2FBE-41A5-8EE7-369E45F7AF73}.Debug|x86.Build.0 = Debug|Any CPU
		{8C16C4AC-2FBE-41A5-8EE7-369E45F7AF73}.Release|Any CPU.ActiveCfg = Release|Any CPU
		{8C16C4AC-2FBE-41A5-8EE7-369E45F7AF73}.Release|Any CPU.Build.0 = Release|Any CPU
		{8C16C4AC-2FBE-41A5-8EE7-369E45F7AF73}.Release|x64.ActiveCfg = Release|Any CPU
		{8C16C4AC-2FBE-41A5-8EE7-369E45F7AF73}.Release|x64.Build.0 = Release|Any CPU
		{8C16C4AC-2FBE-41A5-8EE7-369E45F7AF73}.Release|x86.ActiveCfg = Release|Any CPU
		{8C16C4AC-2FBE-41A5-8EE7-369E45F7AF73}.Release|x86.Build.0 = Release|Any CPU
		{35975DF2-A3B5-4624-9386-B4B85E6A969B}.Debug|Any CPU.ActiveCfg = Debug|Any CPU
		{35975DF2-A3B5-4624-9386-B4B85E6A969B}.Debug|Any CPU.Build.0 = Debug|Any CPU
		{35975DF2-A3B5-4624-9386-B4B85E6A969B}.Debug|x64.ActiveCfg = Debug|Any CPU
		{35975DF2-A3B5-4624-9386-B4B85E6A969B}.Debug|x64.Build.0 = Debug|Any CPU
		{35975DF2-A3B5-4624-9386-B4B85E6A969B}.Debug|x86.ActiveCfg = Debug|Any CPU
		{35975DF2-A3B5-4624-9386-B4B85E6A969B}.Debug|x86.Build.0 = Debug|Any CPU
		{35975DF2-A3B5-4624-9386-B4B85E6A969B}.Release|Any CPU.ActiveCfg = Release|Any CPU
		{35975DF2-A3B5-4624-9386-B4B85E6A969B}.Release|Any CPU.Build.0 = Release|Any CPU
		{35975DF2-A3B5-4624-9386-B4B85E6A969B}.Release|x64.ActiveCfg = Release|Any CPU
		{35975DF2-A3B5-4624-9386-B4B85E6A969B}.Release|x64.Build.0 = Release|Any CPU
		{35975DF2-A3B5-4624-9386-B4B85E6A969B}.Release|x86.ActiveCfg = Release|Any CPU
		{35975DF2-A3B5-4624-9386-B4B85E6A969B}.Release|x86.Build.0 = Release|Any CPU
	EndGlobalSection
	GlobalSection(SolutionProperties) = preSolution
		HideSolutionNode = FALSE
	EndGlobalSection
	GlobalSection(ExtensibilityGlobals) = postSolution
		SolutionGuid = {D1DF5167-A1CE-49FB-B2F1-8E51306E4286}
	EndGlobalSection
EndGlobal
